{
  "version": "5",
  "specifiers": {
    "npm:@openrouter/ai-sdk-provider@2.9.1": "2.9.1_ai@6.0.286__zod@3.25.76_zod@3.25.76",
    "npm:ai@6.0.286": "6.0.286_zod@3.25.76",
    "npm:zod@3.25.76": "3.25.76"
  },
  "npm": {
    "@ai-sdk/gateway@3.0.196_zod@3.25.76": {
      "integrity": "sha512-YMsbvS2UiPKDdg+dSusbC+SR9KkKyWEvRcURysYrsGK9A3ZIzC7n+Pi+67exlXT2FXC+yvCP1O8z8bbvOJ2ABA==",
      "dependencies": [
        "@ai-sdk/provider",
        "@ai-sdk/provider-utils",
        "@vercel/oidc",
        "zod"
      ]
    },
    "@ai-sdk/provider-utils@4.0.51_zod@3.25.76": {
      "integrity": "sha512-ukLTs9x1Xm6lxSIwbJIxYQxbZHmVeIczNntARZrBcOa6pjdBhqeZnATNnJMHa7M9dZ8Ji5NJbpKpvz7o5XyBtg==",
      "dependencies": [
        "@ai-sdk/provider",
        "@standard-schema/spec",
        "eventsource-parser",
        "undici",
        "zod"
      ]
    },
    "@ai-sdk/provider@3.0.16": {
      "integrity": "sha512-9Av6kg0t/IN/dcYAAmEJ4B9OPhcEJqwSR+GfHEA8olRkindXpUHadc3p3cyvgFUQFTVm1G5thtsmgZ9yVb2w3A==",
      "dependencies": [
        "json-schema"
      ]
    },
    "@openrouter/ai-sdk-provider@2.9.1_ai@6.0.286__zod@3.25.76_zod@3.25.76": {
      "integrity": "sha512-okgq07Vdkro4CB5INbfhwa0e6VR1HS7sidNcfHN/MeXLJvX1JmQCff/vem6tcxwT9r1avyFrXSlfv9B28D/Pag==",
      "dependencies": [
        "ai",
        "zod"
      ]
    },
    "@opentelemetry/api@1.9.1": {
      "integrity": "sha512-gLyJlPHPZYdAk1JENA9LeHejZe1Ti77/pTeFm/nMXmQH/HFZlcS/O2XJB+L8fkbrNSqhdtlvjBVjxwUYanNH5Q=="
    },
    "@standard-schema/spec@1.1.0": {
      "integrity": "sha512-l2aFy5jALhniG5HgqrD6jXLi/rUWrKvqN/qJx6yoJsgKhblVd+iqqU4RCXavm/jPityDo5TCvKMnpjKnOriy0w=="
    },
    "@vercel/oidc@3.2.0": {
      "integrity": "sha512-UycprH3T6n3jH0k44NHMa7pnFHGu/N05MjojYr+Mc6I7obkoLIJujSWwin1pCvdy/eOxrI/l3uDLQsmcrOb4ug=="
    },
    "ai@6.0.286_zod@3.25.76": {
      "integrity": "sha512-Wr4gUpAYrXF3XCxcyA1WYwD25nD5k9uCFM5gTNkof+S3zmzR9Nh+E2QrHswV+uV6EtHQv+Cqb1iVzKT+4XBVvg==",
      "dependencies": [
        "@ai-sdk/gateway",
        "@ai-sdk/provider",
        "@ai-sdk/provider-utils",
        "@opentelemetry/api",
        "zod"
      ]
    },
    "eventsource-parser@3.1.1": {
      "integrity": "sha512-EKN1vKAMcZ8MlYMpaNuxN6R9yakzH6uajHcHVTqWJzvu5pWw9DyhbP35HH8MVBQ+dZjAfDxk+A8NiR9KWaXiyQ=="
    },
    "json-schema@0.4.0": {
      "integrity": "sha512-es94M3nTIfsEPisRafak+HDLfHXnKBhV3vU5eqPcS3flIWqcxJWgXHXiey3YrpaNsanY5ei1VoYEbOzijuq9BA=="
    },
    "undici@6.28.1": {
      "integrity": "sha512-zWpdTVD54H48CIybL0rWQ3ukpb9d23wM7eH5RtfdmeP70cWHNjtfo7P4vZX+5CoDcO53J4Pu5uXp7lNfjc6DRA=="
    },
    "zod@3.25.76": {
      "integrity": "sha512-gzUt/qt81nXsFGKIFcC3YnfEAx5NkunCfnDlvuBSSFS02bcXu4Lmea0AFIUwbLWxWPx3d9p8S5QoaujKcNQxcQ=="
    }
  },
  "workspace": {
    "dependencies": [
      "npm:@openrouter/ai-sdk-provider@2.9.1",
      "npm:ai@6.0.286",
      "npm:zod@3.25.76"
    ]
  }
}
